
Microsoft Visual Studio Solution File, Format Version 12.00
# Visual Studio 15
Project("{FAE04EC0-301F-11D3-BF4B-00C04F79EFBC}") = "Assembly-CSharp", "Assembly-CSharp.csproj", "{0DA741BD-1AA6-A1B5-83DD-B890151E5555}"
EndProject
Project("{FAE04EC0-301F-11D3-BF4B-00C04F79EFBC}") = "Substance.Platform", "Substance.Platform.csproj", "{EDCB1ED1-F412-EF7A-6F84-9FE1CC4CCA21}"
EndProject
Project("{FAE04EC0-301F-11D3-BF4B-00C04F79EFBC}") = "Assembly-CSharp-Editor", "Assembly-CSharp-Editor.csproj", "{4EB342D5-F76A-A76A-AA95-F0DB9DF29E6D}"
EndProject
Global
	GlobalSection(SolutionConfigurationPlatforms) = preSolution
		Debug|Any CPU = Debug|Any CPU
		Release|Any CPU = Release|Any CPU
	EndGlobalSection
	GlobalSection(ProjectConfigurationPlatforms) = postSolution
		{0DA741BD-1AA6-A1B5-83DD-B890151E5555}.Debug|Any CPU.ActiveCfg = Debug|Any CPU
		{0DA741BD-1AA6-A1B5-83DD-B890151E5555}.Debug|Any CPU.Build.0 = Debug|Any CPU
		{0DA741BD-1AA6-A1B5-83DD-B890151E5555}.Release|Any CPU.ActiveCfg = Release|Any CPU
		{0DA741BD-1AA6-A1B5-83DD-B890151E5555}.Release|Any CPU.Build.0 = Release|Any CPU
		{EDCB1ED1-F412-EF7A-6F84-9FE1CC4CCA21}.Debug|Any CPU.ActiveCfg = Debug|Any CPU
		{EDCB1ED1-F412-EF7A-6F84-9FE1CC4CCA21}.Debug|Any CPU.Build.0 = Debug|Any CPU
		{EDCB1ED1-F412-EF7A-6F84-9FE1CC4CCA21}.Release|Any CPU.ActiveCfg = Release|Any CPU
		{EDCB1ED1-F412-EF7A-6F84-9FE1CC4CCA21}.Release|Any CPU.Build.0 = Release|Any CPU
		{4EB342D5-F76A-A76A-AA95-F0DB9DF29E6D}.Debug|Any CPU.ActiveCfg = Debug|Any CPU
		{4EB342D5-F76A-A76A-AA95-F0DB9DF29E6D}.Debug|Any CPU.Build.0 = Debug|Any CPU
		{4EB342D5-F76A-A76A-AA95-F0DB9DF29E6D}.Release|Any CPU.ActiveCfg = Release|Any CPU
		{4EB342D5-F76A-A76A-AA95-F0DB9DF29E6D}.Release|Any CPU.Build.0 = Release|Any CPU
	EndGlobalSection
	GlobalSection(SolutionProperties) = preSolution
		HideSolutionNode = FALSE
	EndGlobalSection
EndGlobal
